github.com/Ulbora/Level_Logger v1.0.2 h1:uhuNi1oSQ1zSDhuYQS7NEHqtR4lAYPGyW2XGwJZtxmk=
github.com/Ulbora/Level_Logger v1.0.2/go.mod h1:epRidhkOBJSzCCon816WfFCO9vtai8VCmdI8S/xcTbA=
github.com/Ulbora/go-mail-sender v1.0.0 h1:lfVK66JRIPSZCkeTO3/0fnnygVeVF+5ena47I2pj5Fo=
github.com/Ulbora/go-mail-sender v1.0.0/go.mod h1:uI61omDxYerT9GWLIOIk7Y2wq9esh09UK2LkdCAuTkU=
github.com/Ulbora/go-mail-sender v1.0.1 h1:YMmdNdWCmYEMda+ug6tvIhwDrzB0nKy9b9mnuNcsPxM=
github.com/Ulbora/go-mail-sender v1.0.1/go.mod h1:K283LFwGgnaMeADgseClFLP62roBTvWSTV62Xrv8Erg=
github.com/Ulbora/go-sessions v1.0.2 h1:S399x4sW740hvO7n9qjrJM37sSo47KBAJ+7jiT0eiQ0=
github.com/Ulbora/go-sessions v1.0.2/go.mod h1:5CXZMqyt5XJDumnxoKqftZH/i3voi9k1UN47fuwxRLs=
github.com/Ulbora/json-datastore v1.0.5 h1:sWH6mBFXOapi7ZMog1FpPKMHF1p2BNVxk4Ejp9H+cxk=
github.com/Ulbora/json-datastore v1.0.5/go.mod h1:yMKdmKwHW5m3Wh9bgGHu9crDMNeNI4D0xihWYBdSL38=
github.com/gorilla/mux v1.7.4 h1:VuZ8uybHlWmqV03+zRzdwKL4tUnIp1MAQtp1mIFE1bc=
github.com/gorilla/mux v1.7.4/go.mod h1:DVbg23sWSpFRCP0SfiEN6jmj59UnW/n46BH5rLB71So=
github.com/gorilla/mux v1.8.0 h1:i40aqfkR1h2SlN9hojwV5ZA91wcXFOvkdNIeFDP5koI=
github.com/gorilla/mux v1.8.0/go.mod h1:DVbg23sWSpFRCP0SfiEN6jmj59UnW/n46BH5rLB71So=
github.com/gorilla/securecookie v1.1.1 h1:miw7JPhV+b/lAHSXz4qd/nN9jRiAFV5FwjeKyCS8BvQ=
github.com/gorilla/securecookie v1.1.1/go.mod h1:ra0sb63/xPlUeL+yeDciTfxMRAA+MP+HVt/4epWDjd4=
github.com/gorilla/sessions v1.2.0 h1:S7P+1Hm5V/AT9cjEcUD5uDaQSX0OE577aCXgoaKpYbQ=
github.com/gorilla/sessions v1.2.0/go.mod h1:dk2InVEVJ0sfLlnXv9EAgkf6ecYs/i80K/zI+bUmuGM=
github.com/gorilla/sessions v1.2.1 h1:DHd3rPN5lE3Ts3D8rKkQ8x/0kqfeNmBAaiSi+o7FsgI=
github.com/gorilla/sessions v1.2.1/go.mod h1:dk2InVEVJ0sfLlnXv9EAgkf6ecYs/i80K/zI+bUmuGM=
