github.com/GolangToolKits/go-secure-cookies v1.0.1 h1:qv+xaROGXofekf3tQR5CAPsPqjH/b2sU0DwSXSWmf4M=
github.com/GolangToolKits/go-secure-cookies v1.0.1/go.mod h1:1tdoLcLacIoKRhzZ/TRk2dbE1EMeQWeYjYottM9wfLs=
github.com/GolangToolKits/go-secure-sessions v1.0.4 h1:UCHtWszC6RSVR42iTJhSDJB7Y0u60iFjAMC+jwHoxMg=
github.com/GolangToolKits/go-secure-sessions v1.0.4/go.mod h1:EwvY8vEKN3FhHfAsK/cxS90nWSlmM9wCjg9rVxbrVyo=
github.com/GolangToolKits/grrt v1.0.4 h1:WdB3vz0U0oI6V7/iPK3nK/cPzInGigD/jJxw8LabQGU=
github.com/GolangToolKits/grrt v1.0.4/go.mod h1:XBsoZbeXQLdeM39Bb7T1SPg+DrXV2ZnXGZ7w/vobDxQ=
github.com/Ulbora/Level_Logger v1.0.2 h1:uhuNi1oSQ1zSDhuYQS7NEHqtR4lAYPGyW2XGwJZtxmk=
github.com/Ulbora/Level_Logger v1.0.2/go.mod h1:epRidhkOBJSzCCon816WfFCO9vtai8VCmdI8S/xcTbA=
github.com/Ulbora/go-mail-sender v1.0.1 h1:YMmdNdWCmYEMda+ug6tvIhwDrzB0nKy9b9mnuNcsPxM=
github.com/Ulbora/go-mail-sender v1.0.1/go.mod h1:K283LFwGgnaMeADgseClFLP62roBTvWSTV62Xrv8Erg=
github.com/Ulbora/json-datastore v1.0.5 h1:sWH6mBFXOapi7ZMog1FpPKMHF1p2BNVxk4Ejp9H+cxk=
github.com/Ulbora/json-datastore v1.0.5/go.mod h1:yMKdmKwHW5m3Wh9bgGHu9crDMNeNI4D0xihWYBdSL38=
